
Microsoft Visual Studio Solution File, Format Version 12.00
# Visual Studio Version 17
VisualStudioVersion = 17.1.32328.378
MinimumVisualStudioVersion = 10.0.40219.1
Project("{FAE04EC0-301F-11D3-BF4B-00C04F79EFBC}") = "ree", "WindowsFormsApp3\ree.csproj", "{EA40FD0E-759C-47C5-9F5A-773AD0666490}"
EndProject
Global
	GlobalSection(SolutionConfigurationPlatforms) = preSolution
		Debug|Any CPU = Debug|Any CPU
		Release|Any CPU = Release|Any CPU
	EndGlobalSection
	GlobalSection(ProjectConfigurationPlatforms) = postSolution
		{EA40FD0E-759C-47C5-9F5A-773AD0666490}.Debug|Any CPU.ActiveCfg = Debug|Any CPU
		{EA40FD0E-759C-47C5-9F5A-773AD0666490}.Debug|Any CPU.Build.0 = Debug|Any CPU
		{EA40FD0E-759C-47C5-9F5A-773AD0666490}.Release|Any CPU.ActiveCfg = Release|Any CPU
		{EA40FD0E-759C-47C5-9F5A-773AD0666490}.Release|Any CPU.Build.0 = Release|Any CPU
	EndGlobalSection
	GlobalSection(SolutionProperties) = preSolution
		HideSolutionNode = FALSE
	EndGlobalSection
	GlobalSection(ExtensibilityGlobals) = postSolution
		SolutionGuid = {D9590412-0727-427F-8E06-47D404920444}
	EndGlobalSection
EndGlobal
